// !$*UTF8*$!
{
	archiveVersion = 1;
	classes = {
	};
	objectVersion = 56;
	objects = {

/* Begin PBXBuildFile section */
		2A3E32302B75E15900D0C259 /* RestaurantApp.swift in Sources */ = {isa = PBXBuildFile; fileRef = 2A3E322F2B75E15900D0C259 /* RestaurantApp.swift */; };
		2A3E32322B75E15900D0C259 /* ContentView.swift in Sources */ = {isa = PBXBuildFile; fileRef = 2A3E32312B75E15900D0C259 /* ContentView.swift */; };
		2A3E32342B75E15B00D0C259 /* Assets.xcassets in Resources */ = {isa = PBXBuildFile; fileRef = 2A3E32332B75E15B00D0C259 /* Assets.xcassets */; };
		2A3E32372B75E15B00D0C259 /* Preview Assets.xcassets in Resources */ = {isa = PBXBuildFile; fileRef = 2A3E32362B75E15B00D0C259 /* Preview Assets.xcassets */; };
		2A3E32412B75E15B00D0C259 /* RestaurantTests.swift in Sources */ = {isa = PBXBuildFile; fileRef = 2A3E32402B75E15B00D0C259 /* RestaurantTests.swift */; };
		2A3E324B2B75E15B00D0C259 /* RestaurantUITests.swift in Sources */ = {isa = PBXBuildFile; fileRef = 2A3E324A2B75E15B00D0C259 /* RestaurantUITests.swift */; };
		2A3E324D2B75E15B00D0C259 /* RestaurantUITestsLaunchTests.swift in Sources */ = {isa = PBXBuildFile; fileRef = 2A3E324C2B75E15B00D0C259 /* RestaurantUITestsLaunchTests.swift */; };
/* End PBXBuildFile section */

/* Begin PBXContainerItemProxy section */
		2A3E323D2B75E15B00D0C259 /* PBXContainerItemProxy */ = {
			isa = PBXContainerItemProxy;
			containerPortal = 2A3E32242B75E15900D0C259 /* Project object */;
			proxyType = 1;
			remoteGlobalIDString = 2A3E322B2B75E15900D0C259;
			remoteInfo = Restaurant;
		};
		2A3E32472B75E15B00D0C259 /* PBXContainerItemProxy */ = {
			isa = PBXContainerItemProxy;
			containerPortal = 2A3E32242B75E15900D0C259 /* Project object */;
			proxyType = 1;
			remoteGlobalIDString = 2A3E322B2B75E15900D0C259;
			remoteInfo = Restaurant;
		};
/* End PBXContainerItemProxy section */

/* Begin PBXFileReference section */
		2A3E322C2B75E15900D0C259 /* Restaurant.app */ = {isa = PBXFileReference; explicitFileType = wrapper.application; includeInIndex = 0; path = Restaurant.app; sourceTree = BUILT_PRODUCTS_DIR; };
		2A3E322F2B75E15900D0C259 /* RestaurantApp.swift */ = {isa = PBXFileReference; lastKnownFileType = sourcecode.swift; path = RestaurantApp.swift; sourceTree = "<group>"; };
		2A3E32312B75E15900D0C259 /* ContentView.swift */ = {isa = PBXFileReference; lastKnownFileType = sourcecode.swift; path = ContentView.swift; sourceTree = "<group>"; };
		2A3E32332B75E15B00D0C259 /* Assets.xcassets */ = {isa = PBXFileReference; lastKnownFileType = folder.assetcatalog; path = Assets.xcassets; sourceTree = "<group>"; };
		2A3E32362B75E15B00D0C259 /* Preview Assets.xcassets */ = {isa = PBXFileReference; lastKnownFileType = folder.assetcatalog; path = "Preview Assets.xcassets"; sourceTree = "<group>"; };
		2A3E323C2B75E15B00D0C259 /* RestaurantTests.xctest */ = {isa = PBXFileReference; explicitFileType = wrapper.cfbundle; includeInIndex = 0; path = RestaurantTests.xctest; sourceTree = BUILT_PRODUCTS_DIR; };
		2A3E32402B75E15B00D0C259 /* RestaurantTests.swift */ = {isa = PBXFileReference; lastKnownFileType = sourcecode.swift; path = RestaurantTests.swift; sourceTree = "<group>"; };
		2A3E32462B75E15B00D0C259 /* RestaurantUITests.xctest */ = {isa = PBXFileReference; explicitFileType = wrapper.cfbundle; includeInIndex = 0; path = RestaurantUITests.xctest; sourceTree = BUILT_PRODUCTS_DIR; };
		2A3E324A2B75E15B00D0C259 /* RestaurantUITests.swift */ = {isa = PBXFileReference; lastKnownFileType = sourcecode.swift; path = RestaurantUITests.swift; sourceTree = "<group>"; };
		2A3E324C2B75E15B00D0C259 /* RestaurantUITestsLaunchTests.swift */ = {isa = PBXFileReference; lastKnownFileType = sourcecode.swift; path = RestaurantUITestsLaunchTests.swift; sourceTree = "<group>"; };
		2A3E32592B75E27E00D0C259 /* Restaurant.entitlements */ = {isa = PBXFileReference; lastKnownFileType = text.plist.entitlements; path = Restaurant.entitlements; sourceTree = "<group>"; };
		2A3E325A2B75E29400D0C259 /* Info.plist */ = {isa = PBXFileReference; lastKnownFileType = text.plist; path = Info.plist; sourceTree = "<group>"; };
/* End PBXFileReference section */

/* Begin PBXFrameworksBuildPhase section */
		2A3E32292B75E15900D0C259 /* Frameworks */ = {
			isa = PBXFrameworksBuildPhase;
			buildActionMask = 2147483647;
			files = (
			);
			runOnlyForDeploymentPostprocessing = 0;
		};
		2A3E32392B75E15B00D0C259 /* Frameworks */ = {
			isa = PBXFrameworksBuildPhase;
			buildActionMask = 2147483647;
			files = (
			);
			runOnlyForDeploymentPostprocessing = 0;
		};
		2A3E32432B75E15B00D0C259 /* Frameworks */ = {
			isa = PBXFrameworksBuildPhase;
			buildActionMask = 2147483647;
			files = (
			);
			runOnlyForDeploymentPostprocessing = 0;
		};
/* End PBXFrameworksBuildPhase section */

/* Begin PBXGroup section */
		2A3E32232B75E15900D0C259 = {
			isa = PBXGroup;
			children = (
				2A3E322E2B75E15900D0C259 /* Restaurant */,
				2A3E323F2B75E15B00D0C259 /* RestaurantTests */,
				2A3E32492B75E15B00D0C259 /* RestaurantUITests */,
				2A3E322D2B75E15900D0C259 /* Products */,
			);
			sourceTree = "<group>";
		};
		2A3E322D2B75E15900D0C259 /* Products */ = {
			isa = PBXGroup;
			children = (
				2A3E322C2B75E15900D0C259 /* Restaurant.app */,
				2A3E323C2B75E15B00D0C259 /* RestaurantTests.xctest */,
				2A3E32462B75E15B00D0C259 /* RestaurantUITests.xctest */,
			);
			name = Products;
			sourceTree = "<group>";
		};
		2A3E322E2B75E15900D0C259 /* Restaurant */ = {
			isa = PBXGroup;
			children = (
				2A3E325A2B75E29400D0C259 /* Info.plist */,
				2A3E32592B75E27E00D0C259 /* Restaurant.entitlements */,
				2A3E322F2B75E15900D0C259 /* RestaurantApp.swift */,
				2A3E32312B75E15900D0C259 /* ContentView.swift */,
				2A3E32332B75E15B00D0C259 /* Assets.xcassets */,
				2A3E32352B75E15B00D0C259 /* Preview Content */,
			);
			path = Restaurant;
			sourceTree = "<group>";
		};
		2A3E32352B75E15B00D0C259 /* Preview Content */ = {
			isa = PBXGroup;
			children = (
				2A3E32362B75E15B00D0C259 /* Preview Assets.xcassets */,
			);
			path = "Preview Content";
			sourceTree = "<group>";
		};
		2A3E323F2B75E15B00D0C259 /* RestaurantTests */ = {
			isa = PBXGroup;
			children = (
				2A3E32402B75E15B00D0C259 /* RestaurantTests.swift */,
			);
			path = RestaurantTests;
			sourceTree = "<group>";
		};
		2A3E32492B75E15B00D0C259 /* RestaurantUITests */ = {
			isa = PBXGroup;
			children = (
				2A3E324A2B75E15B00D0C259 /* RestaurantUITests.swift */,
				2A3E324C2B75E15B00D0C259 /* RestaurantUITestsLaunchTests.swift */,
			);
			path = RestaurantUITests;
			sourceTree = "<group>";
		};
/* End PBXGroup section */

/* Begin PBXNativeTarget section */
		2A3E322B2B75E15900D0C259 /* Restaurant */ = {
			isa = PBXNativeTarget;
			buildConfigurationList = 2A3E32502B75E15B00D0C259 /* Build configuration list for PBXNativeTarget "Restaurant" */;
			buildPhases = (
				2A3E32282B75E15900D0C259 /* Sources */,
				2A3E32292B75E15900D0C259 /* Frameworks */,
				2A3E322A2B75E15900D0C259 /* Resources */,
			);
			buildRules = (
			);
			dependencies = (
			);
			name = Restaurant;
			productName = Restaurant;
			productReference = 2A3E322C2B75E15900D0C259 /* Restaurant.app */;
			productType = "com.apple.product-type.application";
		};
		2A3E323B2B75E15B00D0C259 /* RestaurantTests */ = {
			isa = PBXNativeTarget;
			buildConfigurationList = 2A3E32532B75E15B00D0C259 /* Build configuration list for PBXNativeTarget "RestaurantTests" */;
			buildPhases = (
				2A3E32382B75E15B00D0C259 /* Sources */,
				2A3E32392B75E15B00D0C259 /* Frameworks */,
				2A3E323A2B75E15B00D0C259 /* Resources */,
			);
			buildRules = (
			);
			dependencies = (
				2A3E323E2B75E15B00D0C259 /* PBXTargetDependency */,
			);
			name = RestaurantTests;
			productName = RestaurantTests;
			productReference = 2A3E323C2B75E15B00D0C259 /* RestaurantTests.xctest */;
			productType = "com.apple.product-type.bundle.unit-test";
		};
		2A3E32452B75E15B00D0C259 /* RestaurantUITests */ = {
			isa = PBXNativeTarget;
			buildConfigurationList = 2A3E32562B75E15B00D0C259 /* Build configuration list for PBXNativeTarget "RestaurantUITests" */;
			buildPhases = (
				2A3E32422B75E15B00D0C259 /* Sources */,
				2A3E32432B75E15B00D0C259 /* Frameworks */,
				2A3E32442B75E15B00D0C259 /* Resources */,
			);
			buildRules = (
			);
			dependencies = (
				2A3E32482B75E15B00D0C259 /* PBXTargetDependency */,
			);
			name = RestaurantUITests;
			productName = RestaurantUITests;
			productReference = 2A3E32462B75E15B00D0C259 /* RestaurantUITests.xctest */;
			productType = "com.apple.product-type.bundle.ui-testing";
		};
/* End PBXNativeTarget section */

/* Begin PBXProject section */
		2A3E32242B75E15900D0C259 /* Project object */ = {
			isa = PBXProject;
			attributes = {
				BuildIndependentTargetsInParallel = 1;
				LastSwiftUpdateCheck = 1520;
				LastUpgradeCheck = 1520;
				TargetAttributes = {
					2A3E322B2B75E15900D0C259 = {
						CreatedOnToolsVersion = 15.2;
					};
					2A3E323B2B75E15B00D0C259 = {
						CreatedOnToolsVersion = 15.2;
						TestTargetID = 2A3E322B2B75E15900D0C259;
					};
					2A3E32452B75E15B00D0C259 = {
						CreatedOnToolsVersion = 15.2;
						TestTargetID = 2A3E322B2B75E15900D0C259;
					};
				};
			};
			buildConfigurationList = 2A3E32272B75E15900D0C259 /* Build configuration list for PBXProject "Restaurant" */;
			compatibilityVersion = "Xcode 14.0";
			developmentRegion = en;
			hasScannedForEncodings = 0;
			knownRegions = (
				en,
				Base,
			);
			mainGroup = 2A3E32232B75E15900D0C259;
			productRefGroup = 2A3E322D2B75E15900D0C259 /* Products */;
			projectDirPath = "";
			projectRoot = "";
			targets = (
				2A3E322B2B75E15900D0C259 /* Restaurant */,
				2A3E323B2B75E15B00D0C259 /* RestaurantTests */,
				2A3E32452B75E15B00D0C259 /* RestaurantUITests */,
			);
		};
/* End PBXProject section */

/* Begin PBXResourcesBuildPhase section */
		2A3E322A2B75E15900D0C259 /* Resources */ = {
			isa = PBXResourcesBuildPhase;
			buildActionMask = 2147483647;
			files = (
				2A3E32372B75E15B00D0C259 /* Preview Assets.xcassets in Resources */,
				2A3E32342B75E15B00D0C259 /* Assets.xcassets in Resources */,
			);
			runOnlyForDeploymentPostprocessing = 0;
		};
		2A3E323A2B75E15B00D0C259 /* Resources */ = {
			isa = PBXResourcesBuildPhase;
			buildActionMask = 2147483647;
			files = (
			);
			runOnlyForDeploymentPostprocessing = 0;
		};
		2A3E32442B75E15B00D0C259 /* Resources */ = {
			isa = PBXResourcesBuildPhase;
			buildActionMask = 2147483647;
			files = (
			);
			runOnlyForDeploymentPostprocessing = 0;
		};
/* End PBXResourcesBuildPhase section */

/* Begin PBXSourcesBuildPhase section */
		2A3E32282B75E15900D0C259 /* Sources */ = {
			isa = PBXSourcesBuildPhase;
			buildActionMask = 2147483647;
			files = (
				2A3E32322B75E15900D0C259 /* ContentView.swift in Sources */,
				2A3E32302B75E15900D0C259 /* RestaurantApp.swift in Sources */,
			);
			runOnlyForDeploymentPostprocessing = 0;
		};
		2A3E32382B75E15B00D0C259 /* Sources */ = {
			isa = PBXSourcesBuildPhase;
			buildActionMask = 2147483647;
			files = (
				2A3E32412B75E15B00D0C259 /* RestaurantTests.swift in Sources */,
			);
			runOnlyForDeploymentPostprocessing = 0;
		};
		2A3E32422B75E15B00D0C259 /* Sources */ = {
			isa = PBXSourcesBuildPhase;
			buildActionMask = 2147483647;
			files = (
				2A3E324B2B75E15B00D0C259 /* RestaurantUITests.swift in Sources */,
				2A3E324D2B75E15B00D0C259 /* RestaurantUITestsLaunchTests.swift in Sources */,
			);
			runOnlyForDeploymentPostprocessing = 0;
		};
/* End PBXSourcesBuildPhase section */

/* Begin PBXTargetDependency section */
		2A3E323E2B75E15B00D0C259 /* PBXTargetDependency */ = {
			isa = PBXTargetDependency;
			target = 2A3E322B2B75E15900D0C259 /* Restaurant */;
			targetProxy = 2A3E323D2B75E15B00D0C259 /* PBXContainerItemProxy */;
		};
		2A3E32482B75E15B00D0C259 /* PBXTargetDependency */ = {
			isa = PBXTargetDependency;
			target = 2A3E322B2B75E15900D0C259 /* Restaurant */;
			targetProxy = 2A3E32472B75E15B00D0C259 /* PBXContainerItemProxy */;
		};
/* End PBXTargetDependency section */

/* Begin XCBuildConfiguration section */
		2A3E324E2B75E15B00D0C259 /* Debug */ = {
			isa = XCBuildConfiguration;
			buildSettings = {
				ALWAYS_SEARCH_USER_PATHS = NO;
				ASSETCATALOG_COMPILER_GENERATE_SWIFT_ASSET_SYMBOL_EXTENSIONS = YES;
				CLANG_ANALYZER_NONNULL = YES;
				CLANG_ANALYZER_NUMBER_OBJECT_CONVERSION = YES_AGGRESSIVE;
				CLANG_CXX_LANGUAGE_STANDARD = "gnu++20";
				CLANG_ENABLE_MODULES = YES;
				CLANG_ENABLE_OBJC_ARC = YES;
				CLANG_ENABLE_OBJC_WEAK = YES;
				CLANG_WARN_BLOCK_CAPTURE_AUTORELEASING = YES;
				CLANG_WARN_BOOL_CONVERSION = YES;
				CLANG_WARN_COMMA = YES;
				CLANG_WARN_CONSTANT_CONVERSION = YES;
				CLANG_WARN_DEPRECATED_OBJC_IMPLEMENTATIONS = YES;
				CLANG_WARN_DIRECT_OBJC_ISA_USAGE = YES_ERROR;
				CLANG_WARN_DOCUMENTATION_COMMENTS = YES;
				CLANG_WARN_EMPTY_BODY = YES;
				CLANG_WARN_ENUM_CONVERSION = YES;
				CLANG_WARN_INFINITE_RECURSION = YES;
				CLANG_WARN_INT_CONVERSION = YES;
				CLANG_WARN_NON_LITERAL_NULL_CONVERSION = YES;
				CLANG_WARN_OBJC_IMPLICIT_RETAIN_SELF = YES;
				CLANG_WARN_OBJC_LITERAL_CONVERSION = YES;
				CLANG_WARN_OBJC_ROOT_CLASS = YES_ERROR;
				CLANG_WARN_QUOTED_INCLUDE_IN_FRAMEWORK_HEADER = YES;
				CLANG_WARN_RANGE_LOOP_ANALYSIS = YES;
				CLANG_WARN_STRICT_PROTOTYPES = YES;
				CLANG_WARN_SUSPICIOUS_MOVE = YES;
				CLANG_WARN_UNGUARDED_AVAILABILITY = YES_AGGRESSIVE;
				CLANG_WARN_UNREACHABLE_CODE = YES;
				CLANG_WARN__DUPLICATE_METHOD_MATCH = YES;
				COPY_PHASE_STRIP = NO;
				DEBUG_INFORMATION_FORMAT = dwarf;
				ENABLE_STRICT_OBJC_MSGSEND = YES;
				ENABLE_TESTABILITY = YES;
				ENABLE_USER_SCRIPT_SANDBOXING = YES;
				GCC_C_LANGUAGE_STANDARD = gnu17;
				GCC_DYNAMIC_NO_PIC = NO;
				GCC_NO_COMMON_BLOCKS = YES;
				GCC_OPTIMIZATION_LEVEL = 0;
				GCC_PREPROCESSOR_DEFINITIONS = (
					"DEBUG=1",
					"$(inherited)",
				);
				GCC_WARN_64_TO_32_BIT_CONVERSION = YES;
				GCC_WARN_ABOUT_RETURN_TYPE = YES_ERROR;
				GCC_WARN_UNDECLARED_SELECTOR = YES;
				GCC_WARN_UNINITIALIZED_AUTOS = YES_AGGRESSIVE;
				GCC_WARN_UNUSED_FUNCTION = YES;
				GCC_WARN_UNUSED_VARIABLE = YES;
				IPHONEOS_DEPLOYMENT_TARGET = 17.2;
				LOCALIZATION_PREFERS_STRING_CATALOGS = YES;
				MTL_ENABLE_DEBUG_INFO = INCLUDE_SOURCE;
				MTL_FAST_MATH = YES;
				ONLY_ACTIVE_ARCH = YES;
				SDKROOT = iphoneos;
				SWIFT_ACTIVE_COMPILATION_CONDITIONS = "DEBUG $(inherited)";
				SWIFT_OPTIMIZATION_LEVEL = "-Onone";
			};
			name = Debug;
		};
		2A3E324F2B75E15B00D0C259 /* Release */ = {
			isa = XCBuildConfiguration;
			buildSettings = {
				ALWAYS_SEARCH_USER_PATHS = NO;
				ASSETCATALOG_COMPILER_GENERATE_SWIFT_ASSET_SYMBOL_EXTENSIONS = YES;
				CLANG_ANALYZER_NONNULL = YES;
				CLANG_ANALYZER_NUMBER_OBJECT_CONVERSION = YES_AGGRESSIVE;
				CLANG_CXX_LANGUAGE_STANDARD = "gnu++20";
				CLANG_ENABLE_MODULES = YES;
				CLANG_ENABLE_OBJC_ARC = YES;
				CLANG_ENABLE_OBJC_WEAK = YES;
				CLANG_WARN_BLOCK_CAPTURE_AUTORELEASING = YES;
				CLANG_WARN_BOOL_CONVERSION = YES;
				CLANG_WARN_COMMA = YES;
				CLANG_WARN_CONSTANT_CONVERSION = YES;
				CLANG_WARN_DEPRECATED_OBJC_IMPLEMENTATIONS = YES;
				CLANG_WARN_DIRECT_OBJC_ISA_USAGE = YES_ERROR;
				CLANG_WARN_DOCUMENTATION_COMMENTS = YES;
				CLANG_WARN_EMPTY_BODY = YES;
				CLANG_WARN_ENUM_CONVERSION = YES;
				CLANG_WARN_INFINITE_RECURSION = YES;
				CLANG_WARN_INT_CONVERSION = YES;
				CLANG_WARN_NON_LITERAL_NULL_CONVERSION = YES;
				CLANG_WARN_OBJC_IMPLICIT_RETAIN_SELF = YES;
				CLANG_WARN_OBJC_LITERAL_CONVERSION = YES;
				CLANG_WARN_OBJC_ROOT_CLASS = YES_ERROR;
				CLANG_WARN_QUOTED_INCLUDE_IN_FRAMEWORK_HEADER = YES;
				CLANG_WARN_RANGE_LOOP_ANALYSIS = YES;
				CLANG_WARN_STRICT_PROTOTYPES = YES;
				CLANG_WARN_SUSPICIOUS_MOVE = YES;
				CLANG_WARN_UNGUARDED_AVAILABILITY = YES_AGGRESSIVE;
				CLANG_WARN_UNREACHABLE_CODE = YES;
				CLANG_WARN__DUPLICATE_METHOD_MATCH = YES;
				COPY_PHASE_STRIP = NO;
				DEBUG_INFORMATION_FORMAT = "dwarf-with-dsym";
				ENABLE_NS_ASSERTIONS = NO;
				ENABLE_STRICT_OBJC_MSGSEND = YES;
				ENABLE_USER_SCRIPT_SANDBOXING = YES;
				GCC_C_LANGUAGE_STANDARD = gnu17;
				GCC_NO_COMMON_BLOCKS = YES;
				GCC_WARN_64_TO_32_BIT_CONVERSION = YES;
				GCC_WARN_ABOUT_RETURN_TYPE = YES_ERROR;
				GCC_WARN_UNDECLARED_SELECTOR = YES;
				GCC_WARN_UNINITIALIZED_AUTOS = YES_AGGRESSIVE;
				GCC_WARN_UNUSED_FUNCTION = YES;
				GCC_WARN_UNUSED_VARIABLE = YES;
				IPHONEOS_DEPLOYMENT_TARGET = 17.2;
				LOCALIZATION_PREFERS_STRING_CATALOGS = YES;
				MTL_ENABLE_DEBUG_INFO = NO;
				MTL_FAST_MATH = YES;
				SDKROOT = iphoneos;
				SWIFT_COMPILATION_MODE = wholemodule;
				VALIDATE_PRODUCT = YES;
			};
			name = Release;
		};
		2A3E32512B75E15B00D0C259 /* Debug */ = {
			isa = XCBuildConfiguration;
			buildSettings = {
				ASSETCATALOG_COMPILER_APPICON_NAME = AppIcon;
				ASSETCATALOG_COMPILER_GLOBAL_ACCENT_COLOR_NAME = AccentColor;
				CODE_SIGN_ENTITLEMENTS = Restaurant/Restaurant.entitlements;
				CODE_SIGN_STYLE = Automatic;
				CURRENT_PROJECT_VERSION = 1;
				DEVELOPMENT_ASSET_PATHS = "\"Restaurant/Preview Content\"";
				DEVELOPMENT_TEAM = LX8RR5HT44;
				ENABLE_PREVIEWS = YES;
				GENERATE_INFOPLIST_FILE = YES;
				INFOPLIST_FILE = Restaurant/Info.plist;
				INFOPLIST_KEY_UIApplicationSceneManifest_Generation = YES;
				INFOPLIST_KEY_UIApplicationSupportsIndirectInputEvents = YES;
				INFOPLIST_KEY_UILaunchScreen_Generation = YES;
				INFOPLIST_KEY_UISupportedInterfaceOrientations_iPad = "UIInterfaceOrientationPortrait UIInterfaceOrientationPortraitUpsideDown UIInterfaceOrientationLandscapeLeft UIInterfaceOrientationLandscapeRight";
				INFOPLIST_KEY_UISupportedInterfaceOrientations_iPhone = "UIInterfaceOrientationPortrait UIInterfaceOrientationLandscapeLeft UIInterfaceOrientationLandscapeRight";
				LD_RUNPATH_SEARCH_PATHS = (
					"$(inherited)",
					"@executable_path/Frameworks",
				);
				MARKETING_VERSION = 1.0;
				PRODUCT_BUNDLE_IDENTIFIER = Jom.Restaurant;
				PRODUCT_NAME = "$(TARGET_NAME)";
				SWIFT_EMIT_LOC_STRINGS = YES;
				SWIFT_VERSION = 5.0;
				TARGETED_DEVICE_FAMILY = "1,2";
			};
			name = Debug;
		};
		2A3E32522B75E15B00D0C259 /* Release */ = {
			isa = XCBuildConfiguration;
			buildSettings = {
				ASSETCATALOG_COMPILER_APPICON_NAME = AppIcon;
				ASSETCATALOG_COMPILER_GLOBAL_ACCENT_COLOR_NAME = AccentColor;
				CODE_SIGN_ENTITLEMENTS = Restaurant/Restaurant.entitlements;
				CODE_SIGN_STYLE = Automatic;
				CURRENT_PROJECT_VERSION = 1;
				DEVELOPMENT_ASSET_PATHS = "\"Restaurant/Preview Content\"";
				DEVELOPMENT_TEAM = LX8RR5HT44;
				ENABLE_PREVIEWS = YES;
				GENERATE_INFOPLIST_FILE = YES;
				INFOPLIST_FILE = Restaurant/Info.plist;
				INFOPLIST_KEY_UIApplicationSceneManifest_Generation = YES;
				INFOPLIST_KEY_UIApplicationSupportsIndirectInputEvents = YES;
				INFOPLIST_KEY_UILaunchScreen_Generation = YES;
				INFOPLIST_KEY_UISupportedInterfaceOrientations_iPad = "UIInterfaceOrientationPortrait UIInterfaceOrientationPortraitUpsideDown UIInterfaceOrientationLandscapeLeft UIInterfaceOrientationLandscapeRight";
				INFOPLIST_KEY_UISupportedInterfaceOrientations_iPhone = "UIInterfaceOrientationPortrait UIInterfaceOrientationLandscapeLeft UIInterfaceOrientationLandscapeRight";
				LD_RUNPATH_SEARCH_PATHS = (
					"$(inherited)",
					"@executable_path/Frameworks",
				);
				MARKETING_VERSION = 1.0;
				PRODUCT_BUNDLE_IDENTIFIER = Jom.Restaurant;
				PRODUCT_NAME = "$(TARGET_NAME)";
				SWIFT_EMIT_LOC_STRINGS = YES;
				SWIFT_VERSION = 5.0;
				TARGETED_DEVICE_FAMILY = "1,2";
			};
			name = Release;
		};
		2A3E32542B75E15B00D0C259 /* Debug */ = {
			isa = XCBuildConfiguration;
			buildSettings = {
				ALWAYS_EMBED_SWIFT_STANDARD_LIBRARIES = YES;
				BUNDLE_LOADER = "$(TEST_HOST)";
				CODE_SIGN_STYLE = Automatic;
				CURRENT_PROJECT_VERSION = 1;
				GENERATE_INFOPLIST_FILE = YES;
				IPHONEOS_DEPLOYMENT_TARGET = 17.2;
				MARKETING_VERSION = 1.0;
				PRODUCT_BUNDLE_IDENTIFIER = Jom.RestaurantTests;
				PRODUCT_NAME = "$(TARGET_NAME)";
				SWIFT_EMIT_LOC_STRINGS = NO;
				SWIFT_VERSION = 5.0;
				TARGETED_DEVICE_FAMILY = "1,2";
				TEST_HOST = "$(BUILT_PRODUCTS_DIR)/Restaurant.app/$(BUNDLE_EXECUTABLE_FOLDER_PATH)/Restaurant";
			};
			name = Debug;
		};
		2A3E32552B75E15B00D0C259 /* Release */ = {
			isa = XCBuildConfiguration;
			buildSettings = {
				ALWAYS_EMBED_SWIFT_STANDARD_LIBRARIES = YES;
				BUNDLE_LOADER = "$(TEST_HOST)";
				CODE_SIGN_STYLE = Automatic;
				CURRENT_PROJECT_VERSION = 1;
				GENERATE_INFOPLIST_FILE = YES;
				IPHONEOS_DEPLOYMENT_TARGET = 17.2;
				MARKETING_VERSION = 1.0;
				PRODUCT_BUNDLE_IDENTIFIER = Jom.RestaurantTests;
				PRODUCT_NAME = "$(TARGET_NAME)";
				SWIFT_EMIT_LOC_STRINGS = NO;
				SWIFT_VERSION = 5.0;
				TARGETED_DEVICE_FAMILY = "1,2";
				TEST_HOST = "$(BUILT_PRODUCTS_DIR)/Restaurant.app/$(BUNDLE_EXECUTABLE_FOLDER_PATH)/Restaurant";
			};
			name = Release;
		};
		2A3E32572B75E15B00D0C259 /* Debug */ = {
			isa = XCBuildConfiguration;
			buildSettings = {
				ALWAYS_EMBED_SWIFT_STANDARD_LIBRARIES = YES;
				CODE_SIGN_STYLE = Automatic;
				CURRENT_PROJECT_VERSION = 1;
				GENERATE_INFOPLIST_FILE = YES;
				MARKETING_VERSION = 1.0;
				PRODUCT_BUNDLE_IDENTIFIER = Jom.RestaurantUITests;
				PRODUCT_NAME = "$(TARGET_NAME)";
				SWIFT_EMIT_LOC_STRINGS = NO;
				SWIFT_VERSION = 5.0;
				TARGETED_DEVICE_FAMILY = "1,2";
				TEST_TARGET_NAME = Restaurant;
			};
			name = Debug;
		};
		2A3E32582B75E15B00D0C259 /* Release */ = {
			isa = XCBuildConfiguration;
			buildSettings = {
				ALWAYS_EMBED_SWIFT_STANDARD_LIBRARIES = YES;
				CODE_SIGN_STYLE = Automatic;
				CURRENT_PROJECT_VERSION = 1;
				GENERATE_INFOPLIST_FILE = YES;
				MARKETING_VERSION = 1.0;
				PRODUCT_BUNDLE_IDENTIFIER = Jom.RestaurantUITests;
				PRODUCT_NAME = "$(TARGET_NAME)";
				SWIFT_EMIT_LOC_STRINGS = NO;
				SWIFT_VERSION = 5.0;
				TARGETED_DEVICE_FAMILY = "1,2";
				TEST_TARGET_NAME = Restaurant;
			};
			name = Release;
		};
/* End XCBuildConfiguration section */

/* Begin XCConfigurationList section */
		2A3E32272B75E15900D0C259 /* Build configuration list for PBXProject "Restaurant" */ = {
			isa = XCConfigurationList;
			buildConfigurations = (
				2A3E324E2B75E15B00D0C259 /* Debug */,
				2A3E324F2B75E15B00D0C259 /* Release */,
			);
			defaultConfigurationIsVisible = 0;
			defaultConfigurationName = Release;
		};
		2A3E32502B75E15B00D0C259 /* Build configuration list for PBXNativeTarget "Restaurant" */ = {
			isa = XCConfigurationList;
			buildConfigurations = (
				2A3E32512B75E15B00D0C259 /* Debug */,
				2A3E32522B75E15B00D0C259 /* Release */,
			);
			defaultConfigurationIsVisible = 0;
			defaultConfigurationName = Release;
		};
		2A3E32532B75E15B00D0C259 /* Build configuration list for PBXNativeTarget "RestaurantTests" */ = {
			isa = XCConfigurationList;
			buildConfigurations = (
				2A3E32542B75E15B00D0C259 /* Debug */,
				2A3E32552B75E15B00D0C259 /* Release */,
			);
			defaultConfigurationIsVisible = 0;
			defaultConfigurationName = Release;
		};
		2A3E32562B75E15B00D0C259 /* Build configuration list for PBXNativeTarget "RestaurantUITests" */ = {
			isa = XCConfigurationList;
			buildConfigurations = (
				2A3E32572B75E15B00D0C259 /* Debug */,
				2A3E32582B75E15B00D0C259 /* Release */,
			);
			defaultConfigurationIsVisible = 0;
			defaultConfigurationName = Release;
		};
/* End XCConfigurationList section */
	};
	rootObject = 2A3E32242B75E15900D0C259 /* Project object */;
}
